
Microsoft Visual Studio Solution File, Format Version 12.00
# Visual Studio Version 17
VisualStudioVersion = 17.2.32616.157
MinimumVisualStudioVersion = 10.0.40219.1
Project("{FAE04EC0-301F-11D3-BF4B-00C04F79EFBC}") = "_qFiles", "_qFiles\_qFiles.csproj", "{DFCA2616-C0DF-4144-84C9-2F3CFD510754}"
EndProject
Global
	GlobalSection(SolutionConfigurationPlatforms) = preSolution
		Debug|Any CPU = Debug|Any CPU
		Release|Any CPU = Release|Any CPU
	EndGlobalSection
	GlobalSection(ProjectConfigurationPlatforms) = postSolution
		{DFCA2616-C0DF-4144-84C9-2F3CFD510754}.Debug|Any CPU.ActiveCfg = Debug|Any CPU
		{DFCA2616-C0DF-4144-84C9-2F3CFD510754}.Debug|Any CPU.Build.0 = Debug|Any CPU
		{DFCA2616-C0DF-4144-84C9-2F3CFD510754}.Release|Any CPU.ActiveCfg = Release|Any CPU
		{DFCA2616-C0DF-4144-84C9-2F3CFD510754}.Release|Any CPU.Build.0 = Release|Any CPU
	EndGlobalSection
	GlobalSection(SolutionProperties) = preSolution
		HideSolutionNode = FALSE
	EndGlobalSection
	GlobalSection(ExtensibilityGlobals) = postSolution
		SolutionGuid = {006EE5C8-1F0A-47CA-928C-ACBCC5C374A8}
	EndGlobalSection
EndGlobal
